
Microsoft Visual Studio Solution File, Format Version 12.00
# Visual Studio Version 16
VisualStudioVersion = 16.0.31624.102
MinimumVisualStudioVersion = 10.0.40219.1
Project("{FAE04EC0-301F-11D3-BF4B-00C04F79EFBC}") = "Planets_OOP", "Planets_OOP\Planets_OOP.csproj", "{511B1949-A86F-426C-A26E-6B4ED455EC87}"
EndProject
Global
	GlobalSection(SolutionConfigurationPlatforms) = preSolution
		Debug|Any CPU = Debug|Any CPU
		Release|Any CPU = Release|Any CPU
	EndGlobalSection
	GlobalSection(ProjectConfigurationPlatforms) = postSolution
		{511B1949-A86F-426C-A26E-6B4ED455EC87}.Debug|Any CPU.ActiveCfg = Debug|Any CPU
		{511B1949-A86F-426C-A26E-6B4ED455EC87}.Debug|Any CPU.Build.0 = Debug|Any CPU
		{511B1949-A86F-426C-A26E-6B4ED455EC87}.Release|Any CPU.ActiveCfg = Release|Any CPU
		{511B1949-A86F-426C-A26E-6B4ED455EC87}.Release|Any CPU.Build.0 = Release|Any CPU
	EndGlobalSection
	GlobalSection(SolutionProperties) = preSolution
		HideSolutionNode = FALSE
	EndGlobalSection
	GlobalSection(ExtensibilityGlobals) = postSolution
		SolutionGuid = {FB27DA7A-3D4E-4D7F-A0D9-C17BC583310F}
	EndGlobalSection
EndGlobal
